
Microsoft Visual Studio Solution File, Format Version 12.00
# Visual Studio Version 17
VisualStudioVersion = 17.3.32901.215
MinimumVisualStudioVersion = 10.0.40219.1
Project("{778DAE3C-4631-46EA-AA77-85C1314464D9}") = "IbUkeharai", "IbUkeharai\IbUkeharai.vbproj", "{E6E0DCDE-6FEF-41EA-9242-E49B256B715C}"
EndProject
Project("{2150E333-8FDC-42A3-9474-1A3956D46DE8}") = "ソリューション項目", "ソリューション項目", "{E73AD7A0-AA85-4125-9BB7-9B4772F42F85}"
	ProjectSection(SolutionItems) = preProject
		pic\$this.Icon = pic\$this.Icon
	EndProjectSection
EndProject
Project("{F184B08F-C81C-45F6-A57F-5ABD9991F28F}") = "DitCore", "DitCore\DitCore.vbproj", "{3A79C076-F2D4-407C-99A9-6BBC790F83E5}"
EndProject
Project("{F184B08F-C81C-45F6-A57F-5ABD9991F28F}") = "DitDataAccess", "DitDataAccess\DitDataAccess.vbproj", "{23881D99-26A6-4875-80D5-F6EF6141F855}"
EndProject
Global
	GlobalSection(SolutionConfigurationPlatforms) = preSolution
		Debug|Any CPU = Debug|Any CPU
		Debug|ARM64 = Debug|ARM64
		Debug|x86 = Debug|x86
		Release|Any CPU = Release|Any CPU
		Release|ARM64 = Release|ARM64
		Release|x86 = Release|x86
	EndGlobalSection
	GlobalSection(ProjectConfigurationPlatforms) = postSolution
		{E6E0DCDE-6FEF-41EA-9242-E49B256B715C}.Debug|Any CPU.ActiveCfg = Debug|Any CPU
		{E6E0DCDE-6FEF-41EA-9242-E49B256B715C}.Debug|Any CPU.Build.0 = Debug|Any CPU
		{E6E0DCDE-6FEF-41EA-9242-E49B256B715C}.Debug|ARM64.ActiveCfg = Debug|Any CPU
		{E6E0DCDE-6FEF-41EA-9242-E49B256B715C}.Debug|ARM64.Build.0 = Debug|Any CPU
		{E6E0DCDE-6FEF-41EA-9242-E49B256B715C}.Debug|x86.ActiveCfg = Debug|Any CPU
		{E6E0DCDE-6FEF-41EA-9242-E49B256B715C}.Debug|x86.Build.0 = Debug|Any CPU
		{E6E0DCDE-6FEF-41EA-9242-E49B256B715C}.Release|Any CPU.ActiveCfg = Release|Any CPU
		{E6E0DCDE-6FEF-41EA-9242-E49B256B715C}.Release|Any CPU.Build.0 = Release|Any CPU
		{E6E0DCDE-6FEF-41EA-9242-E49B256B715C}.Release|ARM64.ActiveCfg = Release|Any CPU
		{E6E0DCDE-6FEF-41EA-9242-E49B256B715C}.Release|ARM64.Build.0 = Release|Any CPU
		{E6E0DCDE-6FEF-41EA-9242-E49B256B715C}.Release|x86.ActiveCfg = Release|Any CPU
		{E6E0DCDE-6FEF-41EA-9242-E49B256B715C}.Release|x86.Build.0 = Release|Any CPU
		{3A79C076-F2D4-407C-99A9-6BBC790F83E5}.Debug|Any CPU.ActiveCfg = Debug|Any CPU
		{3A79C076-F2D4-407C-99A9-6BBC790F83E5}.Debug|Any CPU.Build.0 = Debug|Any CPU
		{3A79C076-F2D4-407C-99A9-6BBC790F83E5}.Debug|ARM64.ActiveCfg = Debug|Any CPU
		{3A79C076-F2D4-407C-99A9-6BBC790F83E5}.Debug|ARM64.Build.0 = Debug|Any CPU
		{3A79C076-F2D4-407C-99A9-6BBC790F83E5}.Debug|x86.ActiveCfg = Debug|Any CPU
		{3A79C076-F2D4-407C-99A9-6BBC790F83E5}.Debug|x86.Build.0 = Debug|Any CPU
		{3A79C076-F2D4-407C-99A9-6BBC790F83E5}.Release|Any CPU.ActiveCfg = Release|Any CPU
		{3A79C076-F2D4-407C-99A9-6BBC790F83E5}.Release|Any CPU.Build.0 = Release|Any CPU
		{3A79C076-F2D4-407C-99A9-6BBC790F83E5}.Release|ARM64.ActiveCfg = Release|Any CPU
		{3A79C076-F2D4-407C-99A9-6BBC790F83E5}.Release|ARM64.Build.0 = Release|Any CPU
		{3A79C076-F2D4-407C-99A9-6BBC790F83E5}.Release|x86.ActiveCfg = Release|Any CPU
		{3A79C076-F2D4-407C-99A9-6BBC790F83E5}.Release|x86.Build.0 = Release|Any CPU
		{23881D99-26A6-4875-80D5-F6EF6141F855}.Debug|Any CPU.ActiveCfg = Debug|Any CPU
		{23881D99-26A6-4875-80D5-F6EF6141F855}.Debug|Any CPU.Build.0 = Debug|Any CPU
		{23881D99-26A6-4875-80D5-F6EF6141F855}.Debug|ARM64.ActiveCfg = Debug|Any CPU
		{23881D99-26A6-4875-80D5-F6EF6141F855}.Debug|ARM64.Build.0 = Debug|Any CPU
		{23881D99-26A6-4875-80D5-F6EF6141F855}.Debug|x86.ActiveCfg = Debug|Any CPU
		{23881D99-26A6-4875-80D5-F6EF6141F855}.Debug|x86.Build.0 = Debug|Any CPU
		{23881D99-26A6-4875-80D5-F6EF6141F855}.Release|Any CPU.ActiveCfg = Release|Any CPU
		{23881D99-26A6-4875-80D5-F6EF6141F855}.Release|Any CPU.Build.0 = Release|Any CPU
		{23881D99-26A6-4875-80D5-F6EF6141F855}.Release|ARM64.ActiveCfg = Release|Any CPU
		{23881D99-26A6-4875-80D5-F6EF6141F855}.Release|ARM64.Build.0 = Release|Any CPU
		{23881D99-26A6-4875-80D5-F6EF6141F855}.Release|x86.ActiveCfg = Release|Any CPU
		{23881D99-26A6-4875-80D5-F6EF6141F855}.Release|x86.Build.0 = Release|Any CPU
	EndGlobalSection
	GlobalSection(SolutionProperties) = preSolution
		HideSolutionNode = FALSE
	EndGlobalSection
	GlobalSection(ExtensibilityGlobals) = postSolution
		SolutionGuid = {F2EF796B-08A4-4CFA-AE61-5799BDA664B6}
	EndGlobalSection
EndGlobal
